// !$*UTF8*$!
{
	archiveVersion = 1;
	classes = {
	};
	objectVersion = 50;
	objects = {

/* Begin PBXBuildFile section */
		C8689D74265F1ED500299E8F /* LocationManager.swift in Sources */ = {isa = PBXBuildFile; fileRef = C8689D73265F1ED500299E8F /* LocationManager.swift */; };
		C8689D75265F1ED500299E8F /* LocationManager.swift in Sources */ = {isa = PBXBuildFile; fileRef = C8689D73265F1ED500299E8F /* LocationManager.swift */; };
		C872085F265F2DCB00897ED6 /* TabBarView.swift in Sources */ = {isa = PBXBuildFile; fileRef = C872085E265F2DCB00897ED6 /* TabBarView.swift */; };
		C8720861265F2F4500897ED6 /* FavoritesView.swift in Sources */ = {isa = PBXBuildFile; fileRef = C8720860265F2F4500897ED6 /* FavoritesView.swift */; };
		C8720863265F389F00897ED6 /* CoreDataManager.swift in Sources */ = {isa = PBXBuildFile; fileRef = C8720862265F389F00897ED6 /* CoreDataManager.swift */; };
		C8E45EAF265C8290002A07B6 /* Tests_iOS.swift in Sources */ = {isa = PBXBuildFile; fileRef = C8E45EAE265C8290002A07B6 /* Tests_iOS.swift */; };
		C8E45EBA265C8290002A07B6 /* Tests_macOS.swift in Sources */ = {isa = PBXBuildFile; fileRef = C8E45EB9265C8290002A07B6 /* Tests_macOS.swift */; };
		C8E45EBC265C8290002A07B6 /* Yelper.xcdatamodeld in Sources */ = {isa = PBXBuildFile; fileRef = C8E45E90265C828F002A07B6 /* Yelper.xcdatamodeld */; };
		C8E45EBD265C8290002A07B6 /* Yelper.xcdatamodeld in Sources */ = {isa = PBXBuildFile; fileRef = C8E45E90265C828F002A07B6 /* Yelper.xcdatamodeld */; };
		C8E45EBE265C8290002A07B6 /* YelperApp.swift in Sources */ = {isa = PBXBuildFile; fileRef = C8E45E92265C828F002A07B6 /* YelperApp.swift */; };
		C8E45EBF265C8290002A07B6 /* YelperApp.swift in Sources */ = {isa = PBXBuildFile; fileRef = C8E45E92265C828F002A07B6 /* YelperApp.swift */; };
		C8E45EC0265C8290002A07B6 /* ExploreView.swift in Sources */ = {isa = PBXBuildFile; fileRef = C8E45E93265C828F002A07B6 /* ExploreView.swift */; };
		C8E45EC1265C8290002A07B6 /* ExploreView.swift in Sources */ = {isa = PBXBuildFile; fileRef = C8E45E93265C828F002A07B6 /* ExploreView.swift */; };
		C8E45EC2265C8290002A07B6 /* Persistence.swift in Sources */ = {isa = PBXBuildFile; fileRef = C8E45E94265C828F002A07B6 /* Persistence.swift */; };
		C8E45EC3265C8290002A07B6 /* Persistence.swift in Sources */ = {isa = PBXBuildFile; fileRef = C8E45E94265C828F002A07B6 /* Persistence.swift */; };
		C8E45EC4265C8290002A07B6 /* Assets.xcassets in Resources */ = {isa = PBXBuildFile; fileRef = C8E45E95265C8290002A07B6 /* Assets.xcassets */; };
		C8E45EC5265C8290002A07B6 /* Assets.xcassets in Resources */ = {isa = PBXBuildFile; fileRef = C8E45E95265C8290002A07B6 /* Assets.xcassets */; };
		C8E45ED6265C9149002A07B6 /* Models.swift in Sources */ = {isa = PBXBuildFile; fileRef = C8E45ED5265C9149002A07B6 /* Models.swift */; };
		C8E45ED7265C9658002A07B6 /* Models.swift in Sources */ = {isa = PBXBuildFile; fileRef = C8E45ED5265C9149002A07B6 /* Models.swift */; };
		C8E45EDB265CB4FC002A07B6 /* RemoteImage.swift in Sources */ = {isa = PBXBuildFile; fileRef = C8E45EDA265CB4FC002A07B6 /* RemoteImage.swift */; };
		C8E45EDD265CC4FC002A07B6 /* BusinessView.swift in Sources */ = {isa = PBXBuildFile; fileRef = C8E45EDC265CC4FC002A07B6 /* BusinessView.swift */; };
		C8E45EDF265CC6E7002A07B6 /* RestaurantPreviewCard.swift in Sources */ = {isa = PBXBuildFile; fileRef = C8E45EDE265CC6E7002A07B6 /* RestaurantPreviewCard.swift */; };
		C8E45EE3265CC73B002A07B6 /* NetworkManager.swift in Sources */ = {isa = PBXBuildFile; fileRef = C8E45EE2265CC73B002A07B6 /* NetworkManager.swift */; };
/* End PBXBuildFile section */

/* Begin PBXContainerItemProxy section */
		C8E45EAB265C8290002A07B6 /* PBXContainerItemProxy */ = {
			isa = PBXContainerItemProxy;
			containerPortal = C8E45E8B265C828F002A07B6 /* Project object */;
			proxyType = 1;
			remoteGlobalIDString = C8E45E99265C8290002A07B6;
			remoteInfo = "Yelper (iOS)";
		};
		C8E45EB6265C8290002A07B6 /* PBXContainerItemProxy */ = {
			isa = PBXContainerItemProxy;
			containerPortal = C8E45E8B265C828F002A07B6 /* Project object */;
			proxyType = 1;
			remoteGlobalIDString = C8E45EA1265C8290002A07B6;
			remoteInfo = "Yelper (macOS)";
		};
/* End PBXContainerItemProxy section */

/* Begin PBXFileReference section */
		C8689D73265F1ED500299E8F /* LocationManager.swift */ = {isa = PBXFileReference; lastKnownFileType = sourcecode.swift; path = LocationManager.swift; sourceTree = "<group>"; };
		C872085E265F2DCB00897ED6 /* TabBarView.swift */ = {isa = PBXFileReference; lastKnownFileType = sourcecode.swift; path = TabBarView.swift; sourceTree = "<group>"; };
		C8720860265F2F4500897ED6 /* FavoritesView.swift */ = {isa = PBXFileReference; lastKnownFileType = sourcecode.swift; path = FavoritesView.swift; sourceTree = "<group>"; };
		C8720862265F389F00897ED6 /* CoreDataManager.swift */ = {isa = PBXFileReference; lastKnownFileType = sourcecode.swift; path = CoreDataManager.swift; sourceTree = "<group>"; };
		C8E45E91265C828F002A07B6 /* Shared.xcdatamodel */ = {isa = PBXFileReference; lastKnownFileType = wrapper.xcdatamodel; path = Shared.xcdatamodel; sourceTree = "<group>"; };
		C8E45E92265C828F002A07B6 /* YelperApp.swift */ = {isa = PBXFileReference; lastKnownFileType = sourcecode.swift; path = YelperApp.swift; sourceTree = "<group>"; };
		C8E45E93265C828F002A07B6 /* ExploreView.swift */ = {isa = PBXFileReference; lastKnownFileType = sourcecode.swift; path = ExploreView.swift; sourceTree = "<group>"; };
		C8E45E94265C828F002A07B6 /* Persistence.swift */ = {isa = PBXFileReference; lastKnownFileType = sourcecode.swift; path = Persistence.swift; sourceTree = "<group>"; };
		C8E45E95265C8290002A07B6 /* Assets.xcassets */ = {isa = PBXFileReference; lastKnownFileType = folder.assetcatalog; path = Assets.xcassets; sourceTree = "<group>"; };
		C8E45E9A265C8290002A07B6 /* Yelper.app */ = {isa = PBXFileReference; explicitFileType = wrapper.application; includeInIndex = 0; path = Yelper.app; sourceTree = BUILT_PRODUCTS_DIR; };
		C8E45E9D265C8290002A07B6 /* Info.plist */ = {isa = PBXFileReference; lastKnownFileType = text.plist.xml; path = Info.plist; sourceTree = "<group>"; };
		C8E45EA2265C8290002A07B6 /* Yelper.app */ = {isa = PBXFileReference; explicitFileType = wrapper.application; includeInIndex = 0; path = Yelper.app; sourceTree = BUILT_PRODUCTS_DIR; };
		C8E45EA4265C8290002A07B6 /* Info.plist */ = {isa = PBXFileReference; lastKnownFileType = text.plist.xml; path = Info.plist; sourceTree = "<group>"; };
		C8E45EA5265C8290002A07B6 /* macOS.entitlements */ = {isa = PBXFileReference; lastKnownFileType = text.plist.entitlements; path = macOS.entitlements; sourceTree = "<group>"; };
		C8E45EAA265C8290002A07B6 /* Tests iOS.xctest */ = {isa = PBXFileReference; explicitFileType = wrapper.cfbundle; includeInIndex = 0; path = "Tests iOS.xctest"; sourceTree = BUILT_PRODUCTS_DIR; };
		C8E45EAE265C8290002A07B6 /* Tests_iOS.swift */ = {isa = PBXFileReference; lastKnownFileType = sourcecode.swift; path = Tests_iOS.swift; sourceTree = "<group>"; };
		C8E45EB0265C8290002A07B6 /* Info.plist */ = {isa = PBXFileReference; lastKnownFileType = text.plist.xml; path = Info.plist; sourceTree = "<group>"; };
		C8E45EB5265C8290002A07B6 /* Tests macOS.xctest */ = {isa = PBXFileReference; explicitFileType = wrapper.cfbundle; includeInIndex = 0; path = "Tests macOS.xctest"; sourceTree = BUILT_PRODUCTS_DIR; };
		C8E45EB9265C8290002A07B6 /* Tests_macOS.swift */ = {isa = PBXFileReference; lastKnownFileType = sourcecode.swift; path = Tests_macOS.swift; sourceTree = "<group>"; };
		C8E45EBB265C8290002A07B6 /* Info.plist */ = {isa = PBXFileReference; lastKnownFileType = text.plist.xml; path = Info.plist; sourceTree = "<group>"; };
		C8E45ED5265C9149002A07B6 /* Models.swift */ = {isa = PBXFileReference; lastKnownFileType = sourcecode.swift; path = Models.swift; sourceTree = "<group>"; };
		C8E45EDA265CB4FC002A07B6 /* RemoteImage.swift */ = {isa = PBXFileReference; lastKnownFileType = sourcecode.swift; path = RemoteImage.swift; sourceTree = "<group>"; };
		C8E45EDC265CC4FC002A07B6 /* BusinessView.swift */ = {isa = PBXFileReference; lastKnownFileType = sourcecode.swift; path = BusinessView.swift; sourceTree = "<group>"; };
		C8E45EDE265CC6E7002A07B6 /* RestaurantPreviewCard.swift */ = {isa = PBXFileReference; lastKnownFileType = sourcecode.swift; path = RestaurantPreviewCard.swift; sourceTree = "<group>"; };
		C8E45EE2265CC73B002A07B6 /* NetworkManager.swift */ = {isa = PBXFileReference; lastKnownFileType = sourcecode.swift; path = NetworkManager.swift; sourceTree = "<group>"; };
/* End PBXFileReference section */

/* Begin PBXFrameworksBuildPhase section */
		C8E45E97265C8290002A07B6 /* Frameworks */ = {
			isa = PBXFrameworksBuildPhase;
			buildActionMask = 2147483647;
			files = (
			);
			runOnlyForDeploymentPostprocessing = 0;
		};
		C8E45E9F265C8290002A07B6 /* Frameworks */ = {
			isa = PBXFrameworksBuildPhase;
			buildActionMask = 2147483647;
			files = (
			);
			runOnlyForDeploymentPostprocessing = 0;
		};
		C8E45EA7265C8290002A07B6 /* Frameworks */ = {
			isa = PBXFrameworksBuildPhase;
			buildActionMask = 2147483647;
			files = (
			);
			runOnlyForDeploymentPostprocessing = 0;
		};
		C8E45EB2265C8290002A07B6 /* Frameworks */ = {
			isa = PBXFrameworksBuildPhase;
			buildActionMask = 2147483647;
			files = (
			);
			runOnlyForDeploymentPostprocessing = 0;
		};
/* End PBXFrameworksBuildPhase section */

/* Begin PBXGroup section */
		C8E45E8A265C828F002A07B6 = {
			isa = PBXGroup;
			children = (
				C8E45E8F265C828F002A07B6 /* Shared */,
				C8E45E9C265C8290002A07B6 /* iOS */,
				C8E45EA3265C8290002A07B6 /* macOS */,
				C8E45EAD265C8290002A07B6 /* Tests iOS */,
				C8E45EB8265C8290002A07B6 /* Tests macOS */,
				C8E45E9B265C8290002A07B6 /* Products */,
			);
			sourceTree = "<group>";
		};
		C8E45E8F265C828F002A07B6 /* Shared */ = {
			isa = PBXGroup;
			children = (
				C8E45E92265C828F002A07B6 /* YelperApp.swift */,
				C8E45ED9265CB4E7002A07B6 /* Components */,
				C8E45ED8265CB00E002A07B6 /* Views */,
				C8E45ED5265C9149002A07B6 /* Models.swift */,
				C8E45EE2265CC73B002A07B6 /* NetworkManager.swift */,
				C8720862265F389F00897ED6 /* CoreDataManager.swift */,
				C8689D73265F1ED500299E8F /* LocationManager.swift */,
				C8E45E94265C828F002A07B6 /* Persistence.swift */,
				C8E45E95265C8290002A07B6 /* Assets.xcassets */,
				C8E45E90265C828F002A07B6 /* Yelper.xcdatamodeld */,
			);
			path = Shared;
			sourceTree = "<group>";
		};
		C8E45E9B265C8290002A07B6 /* Products */ = {
			isa = PBXGroup;
			children = (
				C8E45E9A265C8290002A07B6 /* Yelper.app */,
				C8E45EA2265C8290002A07B6 /* Yelper.app */,
				C8E45EAA265C8290002A07B6 /* Tests iOS.xctest */,
				C8E45EB5265C8290002A07B6 /* Tests macOS.xctest */,
			);
			name = Products;
			sourceTree = "<group>";
		};
		C8E45E9C265C8290002A07B6 /* iOS */ = {
			isa = PBXGroup;
			children = (
				C8E45E9D265C8290002A07B6 /* Info.plist */,
			);
			path = iOS;
			sourceTree = "<group>";
		};
		C8E45EA3265C8290002A07B6 /* macOS */ = {
			isa = PBXGroup;
			children = (
				C8E45EA4265C8290002A07B6 /* Info.plist */,
				C8E45EA5265C8290002A07B6 /* macOS.entitlements */,
			);
			path = macOS;
			sourceTree = "<group>";
		};
		C8E45EAD265C8290002A07B6 /* Tests iOS */ = {
			isa = PBXGroup;
			children = (
				C8E45EAE265C8290002A07B6 /* Tests_iOS.swift */,
				C8E45EB0265C8290002A07B6 /* Info.plist */,
			);
			path = "Tests iOS";
			sourceTree = "<group>";
		};
		C8E45EB8265C8290002A07B6 /* Tests macOS */ = {
			isa = PBXGroup;
			children = (
				C8E45EB9265C8290002A07B6 /* Tests_macOS.swift */,
				C8E45EBB265C8290002A07B6 /* Info.plist */,
			);
			path = "Tests macOS";
			sourceTree = "<group>";
		};
		C8E45ED8265CB00E002A07B6 /* Views */ = {
			isa = PBXGroup;
			children = (
				C8E45E93265C828F002A07B6 /* ExploreView.swift */,
				C8720860265F2F4500897ED6 /* FavoritesView.swift */,
				C872085E265F2DCB00897ED6 /* TabBarView.swift */,
				C8E45EDE265CC6E7002A07B6 /* RestaurantPreviewCard.swift */,
				C8E45EDC265CC4FC002A07B6 /* BusinessView.swift */,
			);
			path = Views;
			sourceTree = "<group>";
		};
		C8E45ED9265CB4E7002A07B6 /* Components */ = {
			isa = PBXGroup;
			children = (
				C8E45EDA265CB4FC002A07B6 /* RemoteImage.swift */,
			);
			path = Components;
			sourceTree = "<group>";
		};
/* End PBXGroup section */

/* Begin PBXNativeTarget section */
		C8E45E99265C8290002A07B6 /* Yelper (iOS) */ = {
			isa = PBXNativeTarget;
			buildConfigurationList = C8E45EC8265C8290002A07B6 /* Build configuration list for PBXNativeTarget "Yelper (iOS)" */;
			buildPhases = (
				C8E45E96265C8290002A07B6 /* Sources */,
				C8E45E97265C8290002A07B6 /* Frameworks */,
				C8E45E98265C8290002A07B6 /* Resources */,
			);
			buildRules = (
			);
			dependencies = (
			);
			name = "Yelper (iOS)";
			productName = "Yelper (iOS)";
			productReference = C8E45E9A265C8290002A07B6 /* Yelper.app */;
			productType = "com.apple.product-type.application";
		};
		C8E45EA1265C8290002A07B6 /* Yelper (macOS) */ = {
			isa = PBXNativeTarget;
			buildConfigurationList = C8E45ECB265C8290002A07B6 /* Build configuration list for PBXNativeTarget "Yelper (macOS)" */;
			buildPhases = (
				C8E45E9E265C8290002A07B6 /* Sources */,
				C8E45E9F265C8290002A07B6 /* Frameworks */,
				C8E45EA0265C8290002A07B6 /* Resources */,
			);
			buildRules = (
			);
			dependencies = (
			);
			name = "Yelper (macOS)";
			productName = "Yelper (macOS)";
			productReference = C8E45EA2265C8290002A07B6 /* Yelper.app */;
			productType = "com.apple.product-type.application";
		};
		C8E45EA9265C8290002A07B6 /* Tests iOS */ = {
			isa = PBXNativeTarget;
			buildConfigurationList = C8E45ECE265C8290002A07B6 /* Build configuration list for PBXNativeTarget "Tests iOS" */;
			buildPhases = (
				C8E45EA6265C8290002A07B6 /* Sources */,
				C8E45EA7265C8290002A07B6 /* Frameworks */,
				C8E45EA8265C8290002A07B6 /* Resources */,
			);
			buildRules = (
			);
			dependencies = (
				C8E45EAC265C8290002A07B6 /* PBXTargetDependency */,
			);
			name = "Tests iOS";
			productName = "Tests iOS";
			productReference = C8E45EAA265C8290002A07B6 /* Tests iOS.xctest */;
			productType = "com.apple.product-type.bundle.ui-testing";
		};
		C8E45EB4265C8290002A07B6 /* Tests macOS */ = {
			isa = PBXNativeTarget;
			buildConfigurationList = C8E45ED1265C8290002A07B6 /* Build configuration list for PBXNativeTarget "Tests macOS" */;
			buildPhases = (
				C8E45EB1265C8290002A07B6 /* Sources */,
				C8E45EB2265C8290002A07B6 /* Frameworks */,
				C8E45EB3265C8290002A07B6 /* Resources */,
			);
			buildRules = (
			);
			dependencies = (
				C8E45EB7265C8290002A07B6 /* PBXTargetDependency */,
			);
			name = "Tests macOS";
			productName = "Tests macOS";
			productReference = C8E45EB5265C8290002A07B6 /* Tests macOS.xctest */;
			productType = "com.apple.product-type.bundle.ui-testing";
		};
/* End PBXNativeTarget section */

/* Begin PBXProject section */
		C8E45E8B265C828F002A07B6 /* Project object */ = {
			isa = PBXProject;
			attributes = {
				LastSwiftUpdateCheck = 1250;
				LastUpgradeCheck = 1250;
				TargetAttributes = {
					C8E45E99265C8290002A07B6 = {
						CreatedOnToolsVersion = 12.5;
					};
					C8E45EA1265C8290002A07B6 = {
						CreatedOnToolsVersion = 12.5;
					};
					C8E45EA9265C8290002A07B6 = {
						CreatedOnToolsVersion = 12.5;
						TestTargetID = C8E45E99265C8290002A07B6;
					};
					C8E45EB4265C8290002A07B6 = {
						CreatedOnToolsVersion = 12.5;
						TestTargetID = C8E45EA1265C8290002A07B6;
					};
				};
			};
			buildConfigurationList = C8E45E8E265C828F002A07B6 /* Build configuration list for PBXProject "Yelper" */;
			compatibilityVersion = "Xcode 9.3";
			developmentRegion = en;
			hasScannedForEncodings = 0;
			knownRegions = (
				en,
				Base,
			);
			mainGroup = C8E45E8A265C828F002A07B6;
			productRefGroup = C8E45E9B265C8290002A07B6 /* Products */;
			projectDirPath = "";
			projectRoot = "";
			targets = (
				C8E45E99265C8290002A07B6 /* Yelper (iOS) */,
				C8E45EA1265C8290002A07B6 /* Yelper (macOS) */,
				C8E45EA9265C8290002A07B6 /* Tests iOS */,
				C8E45EB4265C8290002A07B6 /* Tests macOS */,
			);
		};
/* End PBXProject section */

/* Begin PBXResourcesBuildPhase section */
		C8E45E98265C8290002A07B6 /* Resources */ = {
			isa = PBXResourcesBuildPhase;
			buildActionMask = 2147483647;
			files = (
				C8E45EC4265C8290002A07B6 /* Assets.xcassets in Resources */,
			);
			runOnlyForDeploymentPostprocessing = 0;
		};
		C8E45EA0265C8290002A07B6 /* Resources */ = {
			isa = PBXResourcesBuildPhase;
			buildActionMask = 2147483647;
			files = (
				C8E45EC5265C8290002A07B6 /* Assets.xcassets in Resources */,
			);
			runOnlyForDeploymentPostprocessing = 0;
		};
		C8E45EA8265C8290002A07B6 /* Resources */ = {
			isa = PBXResourcesBuildPhase;
			buildActionMask = 2147483647;
			files = (
			);
			runOnlyForDeploymentPostprocessing = 0;
		};
		C8E45EB3265C8290002A07B6 /* Resources */ = {
			isa = PBXResourcesBuildPhase;
			buildActionMask = 2147483647;
			files = (
			);
			runOnlyForDeploymentPostprocessing = 0;
		};
/* End PBXResourcesBuildPhase section */

/* Begin PBXSourcesBuildPhase section */
		C8E45E96265C8290002A07B6 /* Sources */ = {
			isa = PBXSourcesBuildPhase;
			buildActionMask = 2147483647;
			files = (
				C8720861265F2F4500897ED6 /* FavoritesView.swift in Sources */,
				C8E45ED6265C9149002A07B6 /* Models.swift in Sources */,
				C872085F265F2DCB00897ED6 /* TabBarView.swift in Sources */,
				C8E45EBE265C8290002A07B6 /* YelperApp.swift in Sources */,
				C8689D74265F1ED500299E8F /* LocationManager.swift in Sources */,
				C8E45EE3265CC73B002A07B6 /* NetworkManager.swift in Sources */,
				C8E45EDB265CB4FC002A07B6 /* RemoteImage.swift in Sources */,
				C8720863265F389F00897ED6 /* CoreDataManager.swift in Sources */,
				C8E45EDF265CC6E7002A07B6 /* RestaurantPreviewCard.swift in Sources */,
				C8E45EC2265C8290002A07B6 /* Persistence.swift in Sources */,
				C8E45EBC265C8290002A07B6 /* Yelper.xcdatamodeld in Sources */,
				C8E45EC0265C8290002A07B6 /* ExploreView.swift in Sources */,
				C8E45EDD265CC4FC002A07B6 /* BusinessView.swift in Sources */,
			);
			runOnlyForDeploymentPostprocessing = 0;
		};
		C8E45E9E265C8290002A07B6 /* Sources */ = {
			isa = PBXSourcesBuildPhase;
			buildActionMask = 2147483647;
			files = (
				C8E45ED7265C9658002A07B6 /* Models.swift in Sources */,
				C8E45EBF265C8290002A07B6 /* YelperApp.swift in Sources */,
				C8689D75265F1ED500299E8F /* LocationManager.swift in Sources */,
				C8E45EC3265C8290002A07B6 /* Persistence.swift in Sources */,
				C8E45EBD265C8290002A07B6 /* Yelper.xcdatamodeld in Sources */,
				C8E45EC1265C8290002A07B6 /* ExploreView.swift in Sources */,
			);
			runOnlyForDeploymentPostprocessing = 0;
		};
		C8E45EA6265C8290002A07B6 /* Sources */ = {
			isa = PBXSourcesBuildPhase;
			buildActionMask = 2147483647;
			files = (
				C8E45EAF265C8290002A07B6 /* Tests_iOS.swift in Sources */,
			);
			runOnlyForDeploymentPostprocessing = 0;
		};
		C8E45EB1265C8290002A07B6 /* Sources */ = {
			isa = PBXSourcesBuildPhase;
			buildActionMask = 2147483647;
			files = (
				C8E45EBA265C8290002A07B6 /* Tests_macOS.swift in Sources */,
			);
			runOnlyForDeploymentPostprocessing = 0;
		};
/* End PBXSourcesBuildPhase section */

/* Begin PBXTargetDependency section */
		C8E45EAC265C8290002A07B6 /* PBXTargetDependency */ = {
			isa = PBXTargetDependency;
			target = C8E45E99265C8290002A07B6 /* Yelper (iOS) */;
			targetProxy = C8E45EAB265C8290002A07B6 /* PBXContainerItemProxy */;
		};
		C8E45EB7265C8290002A07B6 /* PBXTargetDependency */ = {
			isa = PBXTargetDependency;
			target = C8E45EA1265C8290002A07B6 /* Yelper (macOS) */;
			targetProxy = C8E45EB6265C8290002A07B6 /* PBXContainerItemProxy */;
		};
/* End PBXTargetDependency section */

/* Begin XCBuildConfiguration section */
		C8E45EC6265C8290002A07B6 /* Debug */ = {
			isa = XCBuildConfiguration;
			buildSettings = {
				ALWAYS_SEARCH_USER_PATHS = NO;
				CLANG_ANALYZER_NONNULL = YES;
				CLANG_ANALYZER_NUMBER_OBJECT_CONVERSION = YES_AGGRESSIVE;
				CLANG_CXX_LANGUAGE_STANDARD = "gnu++14";
				CLANG_CXX_LIBRARY = "libc++";
				CLANG_ENABLE_MODULES = YES;
				CLANG_ENABLE_OBJC_ARC = YES;
				CLANG_ENABLE_OBJC_WEAK = YES;
				CLANG_WARN_BLOCK_CAPTURE_AUTORELEASING = YES;
				CLANG_WARN_BOOL_CONVERSION = YES;
				CLANG_WARN_COMMA = YES;
				CLANG_WARN_CONSTANT_CONVERSION = YES;
				CLANG_WARN_DEPRECATED_OBJC_IMPLEMENTATIONS = YES;
				CLANG_WARN_DIRECT_OBJC_ISA_USAGE = YES_ERROR;
				CLANG_WARN_DOCUMENTATION_COMMENTS = YES;
				CLANG_WARN_EMPTY_BODY = YES;
				CLANG_WARN_ENUM_CONVERSION = YES;
				CLANG_WARN_INFINITE_RECURSION = YES;
				CLANG_WARN_INT_CONVERSION = YES;
				CLANG_WARN_NON_LITERAL_NULL_CONVERSION = YES;
				CLANG_WARN_OBJC_IMPLICIT_RETAIN_SELF = YES;
				CLANG_WARN_OBJC_LITERAL_CONVERSION = YES;
				CLANG_WARN_OBJC_ROOT_CLASS = YES_ERROR;
				CLANG_WARN_QUOTED_INCLUDE_IN_FRAMEWORK_HEADER = YES;
				CLANG_WARN_RANGE_LOOP_ANALYSIS = YES;
				CLANG_WARN_STRICT_PROTOTYPES = YES;
				CLANG_WARN_SUSPICIOUS_MOVE = YES;
				CLANG_WARN_UNGUARDED_AVAILABILITY = YES_AGGRESSIVE;
				CLANG_WARN_UNREACHABLE_CODE = YES;
				CLANG_WARN__DUPLICATE_METHOD_MATCH = YES;
				COPY_PHASE_STRIP = NO;
				DEBUG_INFORMATION_FORMAT = dwarf;
				ENABLE_STRICT_OBJC_MSGSEND = YES;
				ENABLE_TESTABILITY = YES;
				GCC_C_LANGUAGE_STANDARD = gnu11;
				GCC_DYNAMIC_NO_PIC = NO;
				GCC_NO_COMMON_BLOCKS = YES;
				GCC_OPTIMIZATION_LEVEL = 0;
				GCC_PREPROCESSOR_DEFINITIONS = (
					"DEBUG=1",
					"$(inherited)",
				);
				GCC_WARN_64_TO_32_BIT_CONVERSION = YES;
				GCC_WARN_ABOUT_RETURN_TYPE = YES_ERROR;
				GCC_WARN_UNDECLARED_SELECTOR = YES;
				GCC_WARN_UNINITIALIZED_AUTOS = YES_AGGRESSIVE;
				GCC_WARN_UNUSED_FUNCTION = YES;
				GCC_WARN_UNUSED_VARIABLE = YES;
				MTL_ENABLE_DEBUG_INFO = INCLUDE_SOURCE;
				MTL_FAST_MATH = YES;
				ONLY_ACTIVE_ARCH = YES;
				SWIFT_ACTIVE_COMPILATION_CONDITIONS = DEBUG;
				SWIFT_OPTIMIZATION_LEVEL = "-Onone";
			};
			name = Debug;
		};
		C8E45EC7265C8290002A07B6 /* Release */ = {
			isa = XCBuildConfiguration;
			buildSettings = {
				ALWAYS_SEARCH_USER_PATHS = NO;
				CLANG_ANALYZER_NONNULL = YES;
				CLANG_ANALYZER_NUMBER_OBJECT_CONVERSION = YES_AGGRESSIVE;
				CLANG_CXX_LANGUAGE_STANDARD = "gnu++14";
				CLANG_CXX_LIBRARY = "libc++";
				CLANG_ENABLE_MODULES = YES;
				CLANG_ENABLE_OBJC_ARC = YES;
				CLANG_ENABLE_OBJC_WEAK = YES;
				CLANG_WARN_BLOCK_CAPTURE_AUTORELEASING = YES;
				CLANG_WARN_BOOL_CONVERSION = YES;
				CLANG_WARN_COMMA = YES;
				CLANG_WARN_CONSTANT_CONVERSION = YES;
				CLANG_WARN_DEPRECATED_OBJC_IMPLEMENTATIONS = YES;
				CLANG_WARN_DIRECT_OBJC_ISA_USAGE = YES_ERROR;
				CLANG_WARN_DOCUMENTATION_COMMENTS = YES;
				CLANG_WARN_EMPTY_BODY = YES;
				CLANG_WARN_ENUM_CONVERSION = YES;
				CLANG_WARN_INFINITE_RECURSION = YES;
				CLANG_WARN_INT_CONVERSION = YES;
				CLANG_WARN_NON_LITERAL_NULL_CONVERSION = YES;
				CLANG_WARN_OBJC_IMPLICIT_RETAIN_SELF = YES;
				CLANG_WARN_OBJC_LITERAL_CONVERSION = YES;
				CLANG_WARN_OBJC_ROOT_CLASS = YES_ERROR;
				CLANG_WARN_QUOTED_INCLUDE_IN_FRAMEWORK_HEADER = YES;
				CLANG_WARN_RANGE_LOOP_ANALYSIS = YES;
				CLANG_WARN_STRICT_PROTOTYPES = YES;
				CLANG_WARN_SUSPICIOUS_MOVE = YES;
				CLANG_WARN_UNGUARDED_AVAILABILITY = YES_AGGRESSIVE;
				CLANG_WARN_UNREACHABLE_CODE = YES;
				CLANG_WARN__DUPLICATE_METHOD_MATCH = YES;
				COPY_PHASE_STRIP = NO;
				DEBUG_INFORMATION_FORMAT = "dwarf-with-dsym";
				ENABLE_NS_ASSERTIONS = NO;
				ENABLE_STRICT_OBJC_MSGSEND = YES;
				GCC_C_LANGUAGE_STANDARD = gnu11;
				GCC_NO_COMMON_BLOCKS = YES;
				GCC_WARN_64_TO_32_BIT_CONVERSION = YES;
				GCC_WARN_ABOUT_RETURN_TYPE = YES_ERROR;
				GCC_WARN_UNDECLARED_SELECTOR = YES;
				GCC_WARN_UNINITIALIZED_AUTOS = YES_AGGRESSIVE;
				GCC_WARN_UNUSED_FUNCTION = YES;
				GCC_WARN_UNUSED_VARIABLE = YES;
				MTL_ENABLE_DEBUG_INFO = NO;
				MTL_FAST_MATH = YES;
				SWIFT_COMPILATION_MODE = wholemodule;
				SWIFT_OPTIMIZATION_LEVEL = "-O";
			};
			name = Release;
		};
		C8E45EC9265C8290002A07B6 /* Debug */ = {
			isa = XCBuildConfiguration;
			buildSettings = {
				ASSETCATALOG_COMPILER_APPICON_NAME = AppIcon;
				ASSETCATALOG_COMPILER_GLOBAL_ACCENT_COLOR_NAME = AccentColor;
				CODE_SIGN_STYLE = Automatic;
				DEVELOPMENT_TEAM = Z5RQNKY45Y;
				ENABLE_PREVIEWS = YES;
				INFOPLIST_FILE = iOS/Info.plist;
				IPHONEOS_DEPLOYMENT_TARGET = 14.0;
				LD_RUNPATH_SEARCH_PATHS = (
					"$(inherited)",
					"@executable_path/Frameworks",
				);
				PRODUCT_BUNDLE_IDENTIFIER = com.duongnguyen.Yelper;
				PRODUCT_NAME = Yelper;
				SDKROOT = iphoneos;
				SWIFT_VERSION = 5.0;
				TARGETED_DEVICE_FAMILY = "1,2";
			};
			name = Debug;
		};
		C8E45ECA265C8290002A07B6 /* Release */ = {
			isa = XCBuildConfiguration;
			buildSettings = {
				ASSETCATALOG_COMPILER_APPICON_NAME = AppIcon;
				ASSETCATALOG_COMPILER_GLOBAL_ACCENT_COLOR_NAME = AccentColor;
				CODE_SIGN_STYLE = Automatic;
				DEVELOPMENT_TEAM = Z5RQNKY45Y;
				ENABLE_PREVIEWS = YES;
				INFOPLIST_FILE = iOS/Info.plist;
				IPHONEOS_DEPLOYMENT_TARGET = 14.0;
				LD_RUNPATH_SEARCH_PATHS = (
					"$(inherited)",
					"@executable_path/Frameworks",
				);
				PRODUCT_BUNDLE_IDENTIFIER = com.duongnguyen.Yelper;
				PRODUCT_NAME = Yelper;
				SDKROOT = iphoneos;
				SWIFT_VERSION = 5.0;
				TARGETED_DEVICE_FAMILY = "1,2";
				VALIDATE_PRODUCT = YES;
			};
			name = Release;
		};
		C8E45ECC265C8290002A07B6 /* Debug */ = {
			isa = XCBuildConfiguration;
			buildSettings = {
				ASSETCATALOG_COMPILER_APPICON_NAME = AppIcon;
				ASSETCATALOG_COMPILER_GLOBAL_ACCENT_COLOR_NAME = AccentColor;
				CODE_SIGN_ENTITLEMENTS = macOS/macOS.entitlements;
				CODE_SIGN_STYLE = Automatic;
				COMBINE_HIDPI_IMAGES = YES;
				DEVELOPMENT_TEAM = Z5RQNKY45Y;
				ENABLE_HARDENED_RUNTIME = YES;
				ENABLE_PREVIEWS = YES;
				INFOPLIST_FILE = macOS/Info.plist;
				LD_RUNPATH_SEARCH_PATHS = (
					"$(inherited)",
					"@executable_path/../Frameworks",
				);
				MACOSX_DEPLOYMENT_TARGET = 11.0;
				PRODUCT_BUNDLE_IDENTIFIER = com.duongnguyen.Yelper;
				PRODUCT_NAME = Yelper;
				SDKROOT = macosx;
				SWIFT_VERSION = 5.0;
			};
			name = Debug;
		};
		C8E45ECD265C8290002A07B6 /* Release */ = {
			isa = XCBuildConfiguration;
			buildSettings = {
				ASSETCATALOG_COMPILER_APPICON_NAME = AppIcon;
				ASSETCATALOG_COMPILER_GLOBAL_ACCENT_COLOR_NAME = AccentColor;
				CODE_SIGN_ENTITLEMENTS = macOS/macOS.entitlements;
				CODE_SIGN_STYLE = Automatic;
				COMBINE_HIDPI_IMAGES = YES;
				DEVELOPMENT_TEAM = Z5RQNKY45Y;
				ENABLE_HARDENED_RUNTIME = YES;
				ENABLE_PREVIEWS = YES;
				INFOPLIST_FILE = macOS/Info.plist;
				LD_RUNPATH_SEARCH_PATHS = (
					"$(inherited)",
					"@executable_path/../Frameworks",
				);
				MACOSX_DEPLOYMENT_TARGET = 11.0;
				PRODUCT_BUNDLE_IDENTIFIER = com.duongnguyen.Yelper;
				PRODUCT_NAME = Yelper;
				SDKROOT = macosx;
				SWIFT_VERSION = 5.0;
			};
			name = Release;
		};
		C8E45ECF265C8290002A07B6 /* Debug */ = {
			isa = XCBuildConfiguration;
			buildSettings = {
				ALWAYS_EMBED_SWIFT_STANDARD_LIBRARIES = YES;
				CODE_SIGN_STYLE = Automatic;
				DEVELOPMENT_TEAM = Z5RQNKY45Y;
				INFOPLIST_FILE = "Tests iOS/Info.plist";
				IPHONEOS_DEPLOYMENT_TARGET = 14.5;
				LD_RUNPATH_SEARCH_PATHS = (
					"$(inherited)",
					"@executable_path/Frameworks",
					"@loader_path/Frameworks",
				);
				PRODUCT_BUNDLE_IDENTIFIER = "com.duongnguyen.Tests-iOS";
				PRODUCT_NAME = "$(TARGET_NAME)";
				SDKROOT = iphoneos;
				SWIFT_VERSION = 5.0;
				TARGETED_DEVICE_FAMILY = "1,2";
				TEST_TARGET_NAME = "Yelper (iOS)";
			};
			name = Debug;
		};
		C8E45ED0265C8290002A07B6 /* Release */ = {
			isa = XCBuildConfiguration;
			buildSettings = {
				ALWAYS_EMBED_SWIFT_STANDARD_LIBRARIES = YES;
				CODE_SIGN_STYLE = Automatic;
				DEVELOPMENT_TEAM = Z5RQNKY45Y;
				INFOPLIST_FILE = "Tests iOS/Info.plist";
				IPHONEOS_DEPLOYMENT_TARGET = 14.5;
				LD_RUNPATH_SEARCH_PATHS = (
					"$(inherited)",
					"@executable_path/Frameworks",
					"@loader_path/Frameworks",
				);
				PRODUCT_BUNDLE_IDENTIFIER = "com.duongnguyen.Tests-iOS";
				PRODUCT_NAME = "$(TARGET_NAME)";
				SDKROOT = iphoneos;
				SWIFT_VERSION = 5.0;
				TARGETED_DEVICE_FAMILY = "1,2";
				TEST_TARGET_NAME = "Yelper (iOS)";
				VALIDATE_PRODUCT = YES;
			};
			name = Release;
		};
		C8E45ED2265C8290002A07B6 /* Debug */ = {
			isa = XCBuildConfiguration;
			buildSettings = {
				ALWAYS_EMBED_SWIFT_STANDARD_LIBRARIES = YES;
				CODE_SIGN_STYLE = Automatic;
				COMBINE_HIDPI_IMAGES = YES;
				DEVELOPMENT_TEAM = Z5RQNKY45Y;
				INFOPLIST_FILE = "Tests macOS/Info.plist";
				LD_RUNPATH_SEARCH_PATHS = (
					"$(inherited)",
					"@executable_path/../Frameworks",
					"@loader_path/../Frameworks",
				);
				MACOSX_DEPLOYMENT_TARGET = 11.3;
				PRODUCT_BUNDLE_IDENTIFIER = "com.duongnguyen.Tests-macOS";
				PRODUCT_NAME = "$(TARGET_NAME)";
				SDKROOT = macosx;
				SWIFT_VERSION = 5.0;
				TEST_TARGET_NAME = "Yelper (macOS)";
			};
			name = Debug;
		};
		C8E45ED3265C8290002A07B6 /* Release */ = {
			isa = XCBuildConfiguration;
			buildSettings = {
				ALWAYS_EMBED_SWIFT_STANDARD_LIBRARIES = YES;
				CODE_SIGN_STYLE = Automatic;
				COMBINE_HIDPI_IMAGES = YES;
				DEVELOPMENT_TEAM = Z5RQNKY45Y;
				INFOPLIST_FILE = "Tests macOS/Info.plist";
				LD_RUNPATH_SEARCH_PATHS = (
					"$(inherited)",
					"@executable_path/../Frameworks",
					"@loader_path/../Frameworks",
				);
				MACOSX_DEPLOYMENT_TARGET = 11.3;
				PRODUCT_BUNDLE_IDENTIFIER = "com.duongnguyen.Tests-macOS";
				PRODUCT_NAME = "$(TARGET_NAME)";
				SDKROOT = macosx;
				SWIFT_VERSION = 5.0;
				TEST_TARGET_NAME = "Yelper (macOS)";
			};
			name = Release;
		};
/* End XCBuildConfiguration section */

/* Begin XCConfigurationList section */
		C8E45E8E265C828F002A07B6 /* Build configuration list for PBXProject "Yelper" */ = {
			isa = XCConfigurationList;
			buildConfigurations = (
				C8E45EC6265C8290002A07B6 /* Debug */,
				C8E45EC7265C8290002A07B6 /* Release */,
			);
			defaultConfigurationIsVisible = 0;
			defaultConfigurationName = Release;
		};
		C8E45EC8265C8290002A07B6 /* Build configuration list for PBXNativeTarget "Yelper (iOS)" */ = {
			isa = XCConfigurationList;
			buildConfigurations = (
				C8E45EC9265C8290002A07B6 /* Debug */,
				C8E45ECA265C8290002A07B6 /* Release */,
			);
			defaultConfigurationIsVisible = 0;
			defaultConfigurationName = Release;
		};
		C8E45ECB265C8290002A07B6 /* Build configuration list for PBXNativeTarget "Yelper (macOS)" */ = {
			isa = XCConfigurationList;
			buildConfigurations = (
				C8E45ECC265C8290002A07B6 /* Debug */,
				C8E45ECD265C8290002A07B6 /* Release */,
			);
			defaultConfigurationIsVisible = 0;
			defaultConfigurationName = Release;
		};
		C8E45ECE265C8290002A07B6 /* Build configuration list for PBXNativeTarget "Tests iOS" */ = {
			isa = XCConfigurationList;
			buildConfigurations = (
				C8E45ECF265C8290002A07B6 /* Debug */,
				C8E45ED0265C8290002A07B6 /* Release */,
			);
			defaultConfigurationIsVisible = 0;
			defaultConfigurationName = Release;
		};
		C8E45ED1265C8290002A07B6 /* Build configuration list for PBXNativeTarget "Tests macOS" */ = {
			isa = XCConfigurationList;
			buildConfigurations = (
				C8E45ED2265C8290002A07B6 /* Debug */,
				C8E45ED3265C8290002A07B6 /* Release */,
			);
			defaultConfigurationIsVisible = 0;
			defaultConfigurationName = Release;
		};
/* End XCConfigurationList section */

/* Begin XCVersionGroup section */
		C8E45E90265C828F002A07B6 /* Yelper.xcdatamodeld */ = {
			isa = XCVersionGroup;
			children = (
				C8E45E91265C828F002A07B6 /* Shared.xcdatamodel */,
			);
			currentVersion = C8E45E91265C828F002A07B6 /* Shared.xcdatamodel */;
			path = Yelper.xcdatamodeld;
			sourceTree = "<group>";
			versionGroupType = wrapper.xcdatamodel;
		};
/* End XCVersionGroup section */
	};
	rootObject = C8E45E8B265C828F002A07B6 /* Project object */;
}
